PODS:
  - Alamofire (4.4.0)
  - AlamofireObjectMapper (4.1.0):
    - Alamofire (~> 4.1)
    - ObjectMapper (~> 2.0)
  - AssociatedValues (3.0.0)
  - ObjectMapper (2.2.6)
  - p2.OAuth2 (3.0.3)

DEPENDENCIES:
  - Alamofire
  - AlamofireObjectMapper
  - AssociatedValues
  - p2.OAuth2

SPEC CHECKSUMS:
  Alamofire: dc44b1600b800eb63da6a19039a0083d62a6a62d
  AlamofireObjectMapper: 435adc82f5b367679bd9e71c4974a54efd0b2521
  AssociatedValues: 5c29f5c0bb2672cf9ef0394bcbe3ce28b9fa0c2a
  ObjectMapper: 042708195cc46c20871cbcbec0453826398273fd
  p2.OAuth2: 63d8d3e366ac2c43bfe8bfa13b42cfeb908c314e

PODFILE CHECKSUM: ec5f56ba6b74d4c513884ed9e0946f4c5b833af1

COCOAPODS: 1.2.1
