// !$*UTF8*$!
{
	archiveVersion = 1;
	classes = {
	};
	objectVersion = 46;
	objects = {

/* Begin PBXBuildFile section */
		3274E7701EB03358003633A4 /* AppDelegate.swift in Sources */ = {isa = PBXBuildFile; fileRef = 3274E76F1EB03358003633A4 /* AppDelegate.swift */; };
		3274E7721EB03358003633A4 /* ViewController.swift in Sources */ = {isa = PBXBuildFile; fileRef = 3274E7711EB03358003633A4 /* ViewController.swift */; };
		3274E7751EB03358003633A4 /* Main.storyboard in Resources */ = {isa = PBXBuildFile; fileRef = 3274E7731EB03358003633A4 /* Main.storyboard */; };
		3274E7771EB03358003633A4 /* Assets.xcassets in Resources */ = {isa = PBXBuildFile; fileRef = 3274E7761EB03358003633A4 /* Assets.xcassets */; };
		3274E77A1EB03358003633A4 /* LaunchScreen.storyboard in Resources */ = {isa = PBXBuildFile; fileRef = 3274E7781EB03358003633A4 /* LaunchScreen.storyboard */; };
		3274E7831EB033AB003633A4 /* APICall.swift in Sources */ = {isa = PBXBuildFile; fileRef = 3274E7821EB033AB003633A4 /* APICall.swift */; };
		3274E7851EB033B8003633A4 /* MappleO.swift in Sources */ = {isa = PBXBuildFile; fileRef = 3274E7841EB033B8003633A4 /* MappleO.swift */; };
		7C20ECE1413189EA165E3BF0 /* Pods_MappleI.framework in Frameworks */ = {isa = PBXBuildFile; fileRef = C176E24B0222A61182EB3E9E /* Pods_MappleI.framework */; };
		9D32409C1ED8BF8F00CD3CDE /* TipValue.swift in Sources */ = {isa = PBXBuildFile; fileRef = 9D32409B1ED8BF8F00CD3CDE /* TipValue.swift */; };
		9D3C9C841ED4B54000703E41 /* DataPackage.swift in Sources */ = {isa = PBXBuildFile; fileRef = 9D3C9C831ED4B54000703E41 /* DataPackage.swift */; };
		9D3C9C861ED4C51100703E41 /* FetchConfig.swift in Sources */ = {isa = PBXBuildFile; fileRef = 9D3C9C851ED4C51100703E41 /* FetchConfig.swift */; };
		9D3C9C881ED4C83500703E41 /* DataPicker.swift in Sources */ = {isa = PBXBuildFile; fileRef = 9D3C9C871ED4C83500703E41 /* DataPicker.swift */; };
		9D3C9C901ED6141600703E41 /* MultiAdapterRetrier.swift in Sources */ = {isa = PBXBuildFile; fileRef = 9D3C9C8F1ED6141600703E41 /* MultiAdapterRetrier.swift */; };
		9DEC74491EB1167800200280 /* Material.swift in Sources */ = {isa = PBXBuildFile; fileRef = 9DEC74481EB1167800200280 /* Material.swift */; };
/* End PBXBuildFile section */

/* Begin PBXFileReference section */
		1F4ED9E3D3387AD3AA8BC3E5 /* Pods-MappleI.debug.xcconfig */ = {isa = PBXFileReference; includeInIndex = 1; lastKnownFileType = text.xcconfig; name = "Pods-MappleI.debug.xcconfig"; path = "Pods/Target Support Files/Pods-MappleI/Pods-MappleI.debug.xcconfig"; sourceTree = "<group>"; };
		3274E76C1EB03358003633A4 /* MappleI.app */ = {isa = PBXFileReference; explicitFileType = wrapper.application; includeInIndex = 0; path = MappleI.app; sourceTree = BUILT_PRODUCTS_DIR; };
		3274E76F1EB03358003633A4 /* AppDelegate.swift */ = {isa = PBXFileReference; lastKnownFileType = sourcecode.swift; path = AppDelegate.swift; sourceTree = "<group>"; };
		3274E7711EB03358003633A4 /* ViewController.swift */ = {isa = PBXFileReference; lastKnownFileType = sourcecode.swift; path = ViewController.swift; sourceTree = "<group>"; };
		3274E7741EB03358003633A4 /* Base */ = {isa = PBXFileReference; lastKnownFileType = file.storyboard; name = Base; path = Base.lproj/Main.storyboard; sourceTree = "<group>"; };
		3274E7761EB03358003633A4 /* Assets.xcassets */ = {isa = PBXFileReference; lastKnownFileType = folder.assetcatalog; path = Assets.xcassets; sourceTree = "<group>"; };
		3274E7791EB03358003633A4 /* Base */ = {isa = PBXFileReference; lastKnownFileType = file.storyboard; name = Base; path = Base.lproj/LaunchScreen.storyboard; sourceTree = "<group>"; };
		3274E77B1EB03358003633A4 /* Info.plist */ = {isa = PBXFileReference; lastKnownFileType = text.plist.xml; path = Info.plist; sourceTree = "<group>"; };
		3274E7821EB033AB003633A4 /* APICall.swift */ = {isa = PBXFileReference; fileEncoding = 4; lastKnownFileType = sourcecode.swift; path = APICall.swift; sourceTree = "<group>"; };
		3274E7841EB033B8003633A4 /* MappleO.swift */ = {isa = PBXFileReference; fileEncoding = 4; lastKnownFileType = sourcecode.swift; path = MappleO.swift; sourceTree = "<group>"; };
		9D32409B1ED8BF8F00CD3CDE /* TipValue.swift */ = {isa = PBXFileReference; fileEncoding = 4; lastKnownFileType = sourcecode.swift; path = TipValue.swift; sourceTree = "<group>"; };
		9D3C9C831ED4B54000703E41 /* DataPackage.swift */ = {isa = PBXFileReference; fileEncoding = 4; lastKnownFileType = sourcecode.swift; path = DataPackage.swift; sourceTree = "<group>"; };
		9D3C9C851ED4C51100703E41 /* FetchConfig.swift */ = {isa = PBXFileReference; fileEncoding = 4; lastKnownFileType = sourcecode.swift; path = FetchConfig.swift; sourceTree = "<group>"; };
		9D3C9C871ED4C83500703E41 /* DataPicker.swift */ = {isa = PBXFileReference; fileEncoding = 4; lastKnownFileType = sourcecode.swift; path = DataPicker.swift; sourceTree = "<group>"; };
		9D3C9C8F1ED6141600703E41 /* MultiAdapterRetrier.swift */ = {isa = PBXFileReference; fileEncoding = 4; lastKnownFileType = sourcecode.swift; path = MultiAdapterRetrier.swift; sourceTree = "<group>"; };
		9DEC74481EB1167800200280 /* Material.swift */ = {isa = PBXFileReference; fileEncoding = 4; lastKnownFileType = sourcecode.swift; path = Material.swift; sourceTree = "<group>"; };
		C176E24B0222A61182EB3E9E /* Pods_MappleI.framework */ = {isa = PBXFileReference; explicitFileType = wrapper.framework; includeInIndex = 0; path = Pods_MappleI.framework; sourceTree = BUILT_PRODUCTS_DIR; };
		F68CF88F51F2078FBFEBD47B /* Pods-MappleI.release.xcconfig */ = {isa = PBXFileReference; includeInIndex = 1; lastKnownFileType = text.xcconfig; name = "Pods-MappleI.release.xcconfig"; path = "Pods/Target Support Files/Pods-MappleI/Pods-MappleI.release.xcconfig"; sourceTree = "<group>"; };
/* End PBXFileReference section */

/* Begin PBXFrameworksBuildPhase section */
		3274E7691EB03358003633A4 /* Frameworks */ = {
			isa = PBXFrameworksBuildPhase;
			buildActionMask = 2147483647;
			files = (
				7C20ECE1413189EA165E3BF0 /* Pods_MappleI.framework in Frameworks */,
			);
			runOnlyForDeploymentPostprocessing = 0;
		};
/* End PBXFrameworksBuildPhase section */

/* Begin PBXGroup section */
		26240343C248C59AF5028B16 /* Frameworks */ = {
			isa = PBXGroup;
			children = (
				C176E24B0222A61182EB3E9E /* Pods_MappleI.framework */,
			);
			name = Frameworks;
			sourceTree = "<group>";
		};
		3274E7631EB03358003633A4 = {
			isa = PBXGroup;
			children = (
				3274E76E1EB03358003633A4 /* MappleI */,
				3274E76D1EB03358003633A4 /* Products */,
				BEB546B70E97B249667DA2F5 /* Pods */,
				26240343C248C59AF5028B16 /* Frameworks */,
			);
			sourceTree = "<group>";
		};
		3274E76D1EB03358003633A4 /* Products */ = {
			isa = PBXGroup;
			children = (
				3274E76C1EB03358003633A4 /* MappleI.app */,
			);
			name = Products;
			sourceTree = "<group>";
		};
		3274E76E1EB03358003633A4 /* MappleI */ = {
			isa = PBXGroup;
			children = (
				3274E76F1EB03358003633A4 /* AppDelegate.swift */,
				3274E7711EB03358003633A4 /* ViewController.swift */,
				3274E7841EB033B8003633A4 /* MappleO.swift */,
				3274E7811EB033AB003633A4 /* Support */,
				3274E7731EB03358003633A4 /* Main.storyboard */,
				3274E7761EB03358003633A4 /* Assets.xcassets */,
				3274E7781EB03358003633A4 /* LaunchScreen.storyboard */,
				3274E77B1EB03358003633A4 /* Info.plist */,
				9D3C9C831ED4B54000703E41 /* DataPackage.swift */,
				9D3C9C851ED4C51100703E41 /* FetchConfig.swift */,
				9D3C9C871ED4C83500703E41 /* DataPicker.swift */,
				9D3C9C8F1ED6141600703E41 /* MultiAdapterRetrier.swift */,
				9D32409B1ED8BF8F00CD3CDE /* TipValue.swift */,
			);
			path = MappleI;
			sourceTree = "<group>";
		};
		3274E7811EB033AB003633A4 /* Support */ = {
			isa = PBXGroup;
			children = (
				3274E7821EB033AB003633A4 /* APICall.swift */,
				9DEC74481EB1167800200280 /* Material.swift */,
			);
			path = Support;
			sourceTree = "<group>";
		};
		BEB546B70E97B249667DA2F5 /* Pods */ = {
			isa = PBXGroup;
			children = (
				1F4ED9E3D3387AD3AA8BC3E5 /* Pods-MappleI.debug.xcconfig */,
				F68CF88F51F2078FBFEBD47B /* Pods-MappleI.release.xcconfig */,
			);
			name = Pods;
			sourceTree = "<group>";
		};
/* End PBXGroup section */

/* Begin PBXNativeTarget section */
		3274E76B1EB03358003633A4 /* MappleI */ = {
			isa = PBXNativeTarget;
			buildConfigurationList = 3274E77E1EB03358003633A4 /* Build configuration list for PBXNativeTarget "MappleI" */;
			buildPhases = (
				1D802D6A22CC749B103656D9 /* [CP] Check Pods Manifest.lock */,
				3274E7681EB03358003633A4 /* Sources */,
				3274E7691EB03358003633A4 /* Frameworks */,
				3274E76A1EB03358003633A4 /* Resources */,
				1FB032426F7F45790B87F8D7 /* [CP] Embed Pods Frameworks */,
				B64061F25312A4B22F316146 /* [CP] Copy Pods Resources */,
			);
			buildRules = (
			);
			dependencies = (
			);
			name = MappleI;
			productName = MappleI;
			productReference = 3274E76C1EB03358003633A4 /* MappleI.app */;
			productType = "com.apple.product-type.application";
		};
/* End PBXNativeTarget section */

/* Begin PBXProject section */
		3274E7641EB03358003633A4 /* Project object */ = {
			isa = PBXProject;
			attributes = {
				LastSwiftUpdateCheck = 0830;
				LastUpgradeCheck = 0830;
				ORGANIZATIONNAME = Bruce;
				TargetAttributes = {
					3274E76B1EB03358003633A4 = {
						CreatedOnToolsVersion = 8.3.2;
						DevelopmentTeam = UB28NUAJU6;
						ProvisioningStyle = Automatic;
					};
				};
			};
			buildConfigurationList = 3274E7671EB03358003633A4 /* Build configuration list for PBXProject "MappleI" */;
			compatibilityVersion = "Xcode 3.2";
			developmentRegion = English;
			hasScannedForEncodings = 0;
			knownRegions = (
				en,
				Base,
			);
			mainGroup = 3274E7631EB03358003633A4;
			productRefGroup = 3274E76D1EB03358003633A4 /* Products */;
			projectDirPath = "";
			projectRoot = "";
			targets = (
				3274E76B1EB03358003633A4 /* MappleI */,
			);
		};
/* End PBXProject section */

/* Begin PBXResourcesBuildPhase section */
		3274E76A1EB03358003633A4 /* Resources */ = {
			isa = PBXResourcesBuildPhase;
			buildActionMask = 2147483647;
			files = (
				3274E77A1EB03358003633A4 /* LaunchScreen.storyboard in Resources */,
				3274E7771EB03358003633A4 /* Assets.xcassets in Resources */,
				3274E7751EB03358003633A4 /* Main.storyboard in Resources */,
			);
			runOnlyForDeploymentPostprocessing = 0;
		};
/* End PBXResourcesBuildPhase section */

/* Begin PBXShellScriptBuildPhase section */
		1D802D6A22CC749B103656D9 /* [CP] Check Pods Manifest.lock */ = {
			isa = PBXShellScriptBuildPhase;
			buildActionMask = 2147483647;
			files = (
			);
			inputPaths = (
			);
			name = "[CP] Check Pods Manifest.lock";
			outputPaths = (
			);
			runOnlyForDeploymentPostprocessing = 0;
			shellPath = /bin/sh;
			shellScript = "diff \"${PODS_PODFILE_DIR_PATH}/Podfile.lock\" \"${PODS_ROOT}/Manifest.lock\" > /dev/null\nif [ $? != 0 ] ; then\n    # print error to STDERR\n    echo \"error: The sandbox is not in sync with the Podfile.lock. Run 'pod install' or update your CocoaPods installation.\" >&2\n    exit 1\nfi\n";
			showEnvVarsInLog = 0;
		};
		1FB032426F7F45790B87F8D7 /* [CP] Embed Pods Frameworks */ = {
			isa = PBXShellScriptBuildPhase;
			buildActionMask = 2147483647;
			files = (
			);
			inputPaths = (
			);
			name = "[CP] Embed Pods Frameworks";
			outputPaths = (
			);
			runOnlyForDeploymentPostprocessing = 0;
			shellPath = /bin/sh;
			shellScript = "\"${SRCROOT}/Pods/Target Support Files/Pods-MappleI/Pods-MappleI-frameworks.sh\"\n";
			showEnvVarsInLog = 0;
		};
		B64061F25312A4B22F316146 /* [CP] Copy Pods Resources */ = {
			isa = PBXShellScriptBuildPhase;
			buildActionMask = 2147483647;
			files = (
			);
			inputPaths = (
			);
			name = "[CP] Copy Pods Resources";
			outputPaths = (
			);
			runOnlyForDeploymentPostprocessing = 0;
			shellPath = /bin/sh;
			shellScript = "\"${SRCROOT}/Pods/Target Support Files/Pods-MappleI/Pods-MappleI-resources.sh\"\n";
			showEnvVarsInLog = 0;
		};
/* End PBXShellScriptBuildPhase section */

/* Begin PBXSourcesBuildPhase section */
		3274E7681EB03358003633A4 /* Sources */ = {
			isa = PBXSourcesBuildPhase;
			buildActionMask = 2147483647;
			files = (
				9DEC74491EB1167800200280 /* Material.swift in Sources */,
				3274E7721EB03358003633A4 /* ViewController.swift in Sources */,
				3274E7701EB03358003633A4 /* AppDelegate.swift in Sources */,
				9D3C9C881ED4C83500703E41 /* DataPicker.swift in Sources */,
				3274E7851EB033B8003633A4 /* MappleO.swift in Sources */,
				9D32409C1ED8BF8F00CD3CDE /* TipValue.swift in Sources */,
				9D3C9C901ED6141600703E41 /* MultiAdapterRetrier.swift in Sources */,
				9D3C9C861ED4C51100703E41 /* FetchConfig.swift in Sources */,
				9D3C9C841ED4B54000703E41 /* DataPackage.swift in Sources */,
				3274E7831EB033AB003633A4 /* APICall.swift in Sources */,
			);
			runOnlyForDeploymentPostprocessing = 0;
		};
/* End PBXSourcesBuildPhase section */

/* Begin PBXVariantGroup section */
		3274E7731EB03358003633A4 /* Main.storyboard */ = {
			isa = PBXVariantGroup;
			children = (
				3274E7741EB03358003633A4 /* Base */,
			);
			name = Main.storyboard;
			sourceTree = "<group>";
		};
		3274E7781EB03358003633A4 /* LaunchScreen.storyboard */ = {
			isa = PBXVariantGroup;
			children = (
				3274E7791EB03358003633A4 /* Base */,
			);
			name = LaunchScreen.storyboard;
			sourceTree = "<group>";
		};
/* End PBXVariantGroup section */

/* Begin XCBuildConfiguration section */
		3274E77C1EB03358003633A4 /* Debug */ = {
			isa = XCBuildConfiguration;
			buildSettings = {
				ALWAYS_SEARCH_USER_PATHS = NO;
				CLANG_ANALYZER_NONNULL = YES;
				CLANG_ANALYZER_NUMBER_OBJECT_CONVERSION = YES_AGGRESSIVE;
				CLANG_CXX_LANGUAGE_STANDARD = "gnu++0x";
				CLANG_CXX_LIBRARY = "libc++";
				CLANG_ENABLE_MODULES = YES;
				CLANG_ENABLE_OBJC_ARC = YES;
				CLANG_WARN_BOOL_CONVERSION = YES;
				CLANG_WARN_CONSTANT_CONVERSION = YES;
				CLANG_WARN_DIRECT_OBJC_ISA_USAGE = YES_ERROR;
				CLANG_WARN_DOCUMENTATION_COMMENTS = YES;
				CLANG_WARN_EMPTY_BODY = YES;
				CLANG_WARN_ENUM_CONVERSION = YES;
				CLANG_WARN_INFINITE_RECURSION = YES;
				CLANG_WARN_INT_CONVERSION = YES;
				CLANG_WARN_OBJC_ROOT_CLASS = YES_ERROR;
				CLANG_WARN_SUSPICIOUS_MOVE = YES;
				CLANG_WARN_UNREACHABLE_CODE = YES;
				CLANG_WARN__DUPLICATE_METHOD_MATCH = YES;
				"CODE_SIGN_IDENTITY[sdk=iphoneos*]" = "iPhone Developer";
				COPY_PHASE_STRIP = NO;
				DEBUG_INFORMATION_FORMAT = dwarf;
				ENABLE_STRICT_OBJC_MSGSEND = YES;
				ENABLE_TESTABILITY = YES;
				GCC_C_LANGUAGE_STANDARD = gnu99;
				GCC_DYNAMIC_NO_PIC = NO;
				GCC_NO_COMMON_BLOCKS = YES;
				GCC_OPTIMIZATION_LEVEL = 0;
				GCC_PREPROCESSOR_DEFINITIONS = (
					"DEBUG=1",
					"$(inherited)",
				);
				GCC_WARN_64_TO_32_BIT_CONVERSION = YES;
				GCC_WARN_ABOUT_RETURN_TYPE = YES_ERROR;
				GCC_WARN_UNDECLARED_SELECTOR = YES;
				GCC_WARN_UNINITIALIZED_AUTOS = YES_AGGRESSIVE;
				GCC_WARN_UNUSED_FUNCTION = YES;
				GCC_WARN_UNUSED_VARIABLE = YES;
				IPHONEOS_DEPLOYMENT_TARGET = 10.3;
				MTL_ENABLE_DEBUG_INFO = YES;
				ONLY_ACTIVE_ARCH = YES;
				SDKROOT = iphoneos;
				SWIFT_ACTIVE_COMPILATION_CONDITIONS = DEBUG;
				SWIFT_OPTIMIZATION_LEVEL = "-Onone";
				TARGETED_DEVICE_FAMILY = "1,2";
			};
			name = Debug;
		};
		3274E77D1EB03358003633A4 /* Release */ = {
			isa = XCBuildConfiguration;
			buildSettings = {
				ALWAYS_SEARCH_USER_PATHS = NO;
				CLANG_ANALYZER_NONNULL = YES;
				CLANG_ANALYZER_NUMBER_OBJECT_CONVERSION = YES_AGGRESSIVE;
				CLANG_CXX_LANGUAGE_STANDARD = "gnu++0x";
				CLANG_CXX_LIBRARY = "libc++";
				CLANG_ENABLE_MODULES = YES;
				CLANG_ENABLE_OBJC_ARC = YES;
				CLANG_WARN_BOOL_CONVERSION = YES;
				CLANG_WARN_CONSTANT_CONVERSION = YES;
				CLANG_WARN_DIRECT_OBJC_ISA_USAGE = YES_ERROR;
				CLANG_WARN_DOCUMENTATION_COMMENTS = YES;
				CLANG_WARN_EMPTY_BODY = YES;
				CLANG_WARN_ENUM_CONVERSION = YES;
				CLANG_WARN_INFINITE_RECURSION = YES;
				CLANG_WARN_INT_CONVERSION = YES;
				CLANG_WARN_OBJC_ROOT_CLASS = YES_ERROR;
				CLANG_WARN_SUSPICIOUS_MOVE = YES;
				CLANG_WARN_UNREACHABLE_CODE = YES;
				CLANG_WARN__DUPLICATE_METHOD_MATCH = YES;
				"CODE_SIGN_IDENTITY[sdk=iphoneos*]" = "iPhone Developer";
				COPY_PHASE_STRIP = NO;
				DEBUG_INFORMATION_FORMAT = "dwarf-with-dsym";
				ENABLE_NS_ASSERTIONS = NO;
				ENABLE_STRICT_OBJC_MSGSEND = YES;
				GCC_C_LANGUAGE_STANDARD = gnu99;
				GCC_NO_COMMON_BLOCKS = YES;
				GCC_WARN_64_TO_32_BIT_CONVERSION = YES;
				GCC_WARN_ABOUT_RETURN_TYPE = YES_ERROR;
				GCC_WARN_UNDECLARED_SELECTOR = YES;
				GCC_WARN_UNINITIALIZED_AUTOS = YES_AGGRESSIVE;
				GCC_WARN_UNUSED_FUNCTION = YES;
				GCC_WARN_UNUSED_VARIABLE = YES;
				IPHONEOS_DEPLOYMENT_TARGET = 10.3;
				MTL_ENABLE_DEBUG_INFO = NO;
				SDKROOT = iphoneos;
				SWIFT_OPTIMIZATION_LEVEL = "-Owholemodule";
				TARGETED_DEVICE_FAMILY = "1,2";
				VALIDATE_PRODUCT = YES;
			};
			name = Release;
		};
		3274E77F1EB03358003633A4 /* Debug */ = {
			isa = XCBuildConfiguration;
			baseConfigurationReference = 1F4ED9E3D3387AD3AA8BC3E5 /* Pods-MappleI.debug.xcconfig */;
			buildSettings = {
				ASSETCATALOG_COMPILER_APPICON_NAME = AppIcon;
				DEVELOPMENT_TEAM = UB28NUAJU6;
				INFOPLIST_FILE = MappleI/Info.plist;
				IPHONEOS_DEPLOYMENT_TARGET = 10.2;
				LD_RUNPATH_SEARCH_PATHS = "$(inherited) @executable_path/Frameworks";
				PRODUCT_BUNDLE_IDENTIFIER = monkeycage.MappleI;
				PRODUCT_NAME = "$(TARGET_NAME)";
				SWIFT_VERSION = 3.0;
			};
			name = Debug;
		};
		3274E7801EB03358003633A4 /* Release */ = {
			isa = XCBuildConfiguration;
			baseConfigurationReference = F68CF88F51F2078FBFEBD47B /* Pods-MappleI.release.xcconfig */;
			buildSettings = {
				ASSETCATALOG_COMPILER_APPICON_NAME = AppIcon;
				DEVELOPMENT_TEAM = UB28NUAJU6;
				INFOPLIST_FILE = MappleI/Info.plist;
				IPHONEOS_DEPLOYMENT_TARGET = 10.2;
				LD_RUNPATH_SEARCH_PATHS = "$(inherited) @executable_path/Frameworks";
				PRODUCT_BUNDLE_IDENTIFIER = monkeycage.MappleI;
				PRODUCT_NAME = "$(TARGET_NAME)";
				SWIFT_VERSION = 3.0;
			};
			name = Release;
		};
/* End XCBuildConfiguration section */

/* Begin XCConfigurationList section */
		3274E7671EB03358003633A4 /* Build configuration list for PBXProject "MappleI" */ = {
			isa = XCConfigurationList;
			buildConfigurations = (
				3274E77C1EB03358003633A4 /* Debug */,
				3274E77D1EB03358003633A4 /* Release */,
			);
			defaultConfigurationIsVisible = 0;
			defaultConfigurationName = Release;
		};
		3274E77E1EB03358003633A4 /* Build configuration list for PBXNativeTarget "MappleI" */ = {
			isa = XCConfigurationList;
			buildConfigurations = (
				3274E77F1EB03358003633A4 /* Debug */,
				3274E7801EB03358003633A4 /* Release */,
			);
			defaultConfigurationIsVisible = 0;
			defaultConfigurationName = Release;
		};
/* End XCConfigurationList section */
	};
	rootObject = 3274E7641EB03358003633A4 /* Project object */;
}
